{
  "name": "@unicode-org/jira-updater",
  "version": "1.0.2",
  "lockfileVersion": 3,
  "requires": true,
  "packages": {
    "": {
      "name": "@unicode-org/jira-updater",
      "version": "1.0.2",
      "license": "Unicode-3.0",
      "dependencies": {
        "jira.js": "^6.2.0"
      },
      "bin": {
        "cldr-jira-updater": "update-jira.mjs"
      }
    },
    "node_modules/jira.js": {
      "version": "6.2.0",
      "resolved": "https://registry.npmjs.org/jira.js/-/jira.js-6.2.0.tgz",
      "integrity": "sha512-tF6FUfByN0ezxR1SoA5iZ49FI0U/GdHLR+r3FDq4aqHO2MlVKE2VitAsnsa1ThFhdT82hTSCYXw8jT9zbeOIRw==",
      "license": "MIT",
      "dependencies": {
        "zod": "^4.4.3"
      },
      "engines": {
        "node": ">=22"
      }
    },
    "node_modules/zod": {
      "version": "4.6.5",
      "resolved": "https://registry.npmjs.org/zod/-/zod-4.6.5.tgz",
      "integrity": "sha512-v5l/aFXZQeai4awLbOpSoHecE9UiMrnfx75tEXLjNonXVARxQ5mOeipTjROUchszUNCqnE+hqAMujRsRHsut2Q==",
      "license": "MIT",
      "funding": {
        "url": "https://github.com/sponsors/colinhacks"
      }
    }
  }
}
