{
  "name": "@unicode-org/keyboard-abnf-tests",
  "version": "1.0.0",
  "lockfileVersion": 3,
  "requires": true,
  "packages": {
    "": {
      "name": "@unicode-org/keyboard-abnf-tests",
      "version": "1.0.0",
      "license": "Unicode-3.0",
      "dependencies": {
        "abnf": "^5.0.2",
        "fast-xml-parser": "^5.0.9",
        "peggy": "^4.2.0"
      }
    },
    "node_modules/@peggyjs/from-mem": {
      "version": "1.3.5",
      "resolved": "https://registry.npmjs.org/@peggyjs/from-mem/-/from-mem-1.3.5.tgz",
      "integrity": "sha512-oRyzXE7nirAn+5yYjCdWQHg3EG2XXcYRoYNOK8Quqnmm+9FyK/2YWVunwudlYl++M3xY+gIAdf0vAYS+p0nKfQ==",
      "dependencies": {
        "semver": "7.6.3"
      },
      "engines": {
        "node": ">=18"
      }
    },
    "node_modules/abnf": {
      "version": "5.0.2",
      "resolved": "https://registry.npmjs.org/abnf/-/abnf-5.0.2.tgz",
      "integrity": "sha512-UznXBq3vrkQiIKO8HfpGjoLnwlGeDcJsz9QLD3q6/hBln1F6UpN1B2oNAndJ6GKAfoX2QJRQIGNHEtctYogOZQ==",
      "license": "Apache-2.0",
      "dependencies": {
        "commander": "^14.0.0",
        "peggy": "^5.0.6"
      },
      "bin": {
        "abnf_ast": "bin/abnf_ast.js",
        "abnf_check": "bin/abnf_check.js",
        "abnf_gen": "bin/abnf_gen.js",
        "abnf_test": "bin/abnf_test.js"
      },
      "engines": {
        "node": ">=20"
      }
    },
    "node_modules/abnf/node_modules/@peggyjs/from-mem": {
      "version": "3.1.1",
      "resolved": "https://registry.npmjs.org/@peggyjs/from-mem/-/from-mem-3.1.1.tgz",
      "integrity": "sha512-m5OEjgJaePWpyNtQCvRZkpLoV+z44eh6QIO9yEwQuOThdUdkECO3wcKLT3tFA3H8WM5bxU/K/dpmo7r/X16UEw==",
      "license": "MIT",
      "dependencies": {
        "semver": "7.7.2"
      },
      "engines": {
        "node": ">=20.8"
      }
    },
    "node_modules/abnf/node_modules/peggy": {
      "version": "5.0.6",
      "resolved": "https://registry.npmjs.org/peggy/-/peggy-5.0.6.tgz",
      "integrity": "sha512-Sud8Zus0JAgE+U4zwkJv29OOaXhviFI7J90/6cGfy3OoqR8dpnieeF9a46dj0bTtqiFnrFatldA6ltQyOJvNmg==",
      "license": "MIT",
      "dependencies": {
        "@peggyjs/from-mem": "3.1.1",
        "commander": "^14.0.0",
        "source-map-generator": "2.0.2"
      },
      "bin": {
        "peggy": "bin/peggy.js"
      },
      "engines": {
        "node": ">=20"
      }
    },
    "node_modules/abnf/node_modules/semver": {
      "version": "7.7.2",
      "resolved": "https://registry.npmjs.org/semver/-/semver-7.7.2.tgz",
      "integrity": "sha512-RF0Fw+rO5AMf9MAyaRXI4AV0Ulj5lMHqVxxdSgiVbixSCXoEmmX/jk0CuJw4+3SqroYO9VoUh+HcuJivvtJemA==",
      "license": "ISC",
      "bin": {
        "semver": "bin/semver.js"
      },
      "engines": {
        "node": ">=10"
      }
    },
    "node_modules/abnf/node_modules/source-map-generator": {
      "version": "2.0.2",
      "resolved": "https://registry.npmjs.org/source-map-generator/-/source-map-generator-2.0.2.tgz",
      "integrity": "sha512-unCl5BQhF/us51DiT7SvlSY3QUPhyfAdHJxd8l7FXdwzqxli0UDMV2dEuei2SeGp3Z4rB/AJ9zKi1mGOp2K2ww==",
      "license": "BSD-3-Clause",
      "engines": {
        "node": ">=20"
      }
    },
    "node_modules/commander": {
      "version": "14.0.0",
      "resolved": "https://registry.npmjs.org/commander/-/commander-14.0.0.tgz",
      "integrity": "sha512-2uM9rYjPvyq39NwLRqaiLtWHyDC1FvryJDa2ATTVims5YAS4PupsEQsDvP14FqhFr0P49CYDugi59xaxJlTXRA==",
      "license": "MIT",
      "engines": {
        "node": ">=20"
      }
    },
    "node_modules/fast-xml-parser": {
      "version": "5.0.9",
      "resolved": "https://registry.npmjs.org/fast-xml-parser/-/fast-xml-parser-5.0.9.tgz",
      "integrity": "sha512-2mBwCiuW3ycKQQ6SOesSB8WeF+fIGb6I/GG5vU5/XEptwFFhp9PE8b9O7fbs2dpq9fXn4ULR3UsfydNUCntf5A==",
      "funding": [
        {
          "type": "github",
          "url": "https://github.com/sponsors/NaturalIntelligence"
        }
      ],
      "license": "MIT",
      "dependencies": {
        "strnum": "^2.0.5"
      },
      "bin": {
        "fxparser": "src/cli/cli.js"
      }
    },
    "node_modules/peggy": {
      "version": "4.2.0",
      "resolved": "https://registry.npmjs.org/peggy/-/peggy-4.2.0.tgz",
      "integrity": "sha512-ZjzyJYY8NqW8JOZr2PbS/J0UH/hnfGALxSDsBUVQg5Y/I+ZaPuGeBJ7EclUX2RvWjhlsi4pnuL1C/K/3u+cDeg==",
      "dependencies": {
        "@peggyjs/from-mem": "1.3.5",
        "commander": "^12.1.0",
        "source-map-generator": "0.8.0"
      },
      "bin": {
        "peggy": "bin/peggy.js"
      },
      "engines": {
        "node": ">=18"
      }
    },
    "node_modules/peggy/node_modules/commander": {
      "version": "12.1.0",
      "resolved": "https://registry.npmjs.org/commander/-/commander-12.1.0.tgz",
      "integrity": "sha512-Vw8qHK3bZM9y/P10u3Vib8o/DdkvA2OtPtZvD871QKjy74Wj1WSKFILMPRPSdUSx5RFK1arlJzEtA4PkFgnbuA==",
      "engines": {
        "node": ">=18"
      }
    },
    "node_modules/semver": {
      "version": "7.6.3",
      "resolved": "https://registry.npmjs.org/semver/-/semver-7.6.3.tgz",
      "integrity": "sha512-oVekP1cKtI+CTDvHWYFUcMtsK/00wmAEfyqKfNdARm8u1wNVhSgaX7A8d4UuIlUI5e84iEwOhs7ZPYRmzU9U6A==",
      "bin": {
        "semver": "bin/semver.js"
      },
      "engines": {
        "node": ">=10"
      }
    },
    "node_modules/source-map-generator": {
      "version": "0.8.0",
      "resolved": "https://registry.npmjs.org/source-map-generator/-/source-map-generator-0.8.0.tgz",
      "integrity": "sha512-psgxdGMwl5MZM9S3FWee4EgsEaIjahYV5AzGnwUvPhWeITz/j6rKpysQHlQ4USdxvINlb8lKfWGIXwfkrgtqkA==",
      "engines": {
        "node": ">= 10"
      }
    },
    "node_modules/strnum": {
      "version": "2.0.5",
      "resolved": "https://registry.npmjs.org/strnum/-/strnum-2.0.5.tgz",
      "integrity": "sha512-YAT3K/sgpCUxhxNMrrdhtod3jckkpYwH6JAuwmUdXZsmzH1wUyzTMrrK2wYCEEqlKwrWDd35NeuUkbBy/1iK+Q==",
      "funding": [
        {
          "type": "github",
          "url": "https://github.com/sponsors/NaturalIntelligence"
        }
      ],
      "license": "MIT"
    }
  }
}
