{
  "name": "@unicode-org/keyboard-abnf-tests",
  "version": "1.0.0",
  "lockfileVersion": 3,
  "requires": true,
  "packages": {
    "": {
      "name": "@unicode-org/keyboard-abnf-tests",
      "version": "1.0.0",
      "license": "Unicode-3.0",
      "dependencies": {
        "abnf": "^5.0.4",
        "fast-xml-parser": "^5.5.9",
        "peggy": "^5.1.0"
      }
    },
    "node_modules/@peggyjs/from-mem": {
      "version": "3.1.3",
      "resolved": "https://registry.npmjs.org/@peggyjs/from-mem/-/from-mem-3.1.3.tgz",
      "integrity": "sha512-LLlgtfXIaeYXoOYovOI0spLM8ZXaqkAlmcRRrLzHJzLMqkU6Sw0R4KMoCoHx1PjaP815pSCBlS+BN6aD8t1Jgg==",
      "license": "MIT",
      "dependencies": {
        "semver": "7.7.4"
      },
      "engines": {
        "node": ">=20.8"
      }
    },
    "node_modules/abnf": {
      "version": "5.0.4",
      "resolved": "https://registry.npmjs.org/abnf/-/abnf-5.0.4.tgz",
      "integrity": "sha512-59zcbL9acak54gMAUeEoaexkBBfo6hD0UFP6oIxMY8hHcxnsulqb/WYYf/t++ayrboQB90zW2SXvGHaS5PM4mw==",
      "license": "Apache-2.0",
      "dependencies": {
        "commander": "^14.0.3",
        "peggy": "^5.1.0"
      },
      "bin": {
        "abnf_ast": "bin/abnf_ast.js",
        "abnf_check": "bin/abnf_check.js",
        "abnf_gen": "bin/abnf_gen.js",
        "abnf_test": "bin/abnf_test.js"
      },
      "engines": {
        "node": ">=20"
      }
    },
    "node_modules/commander": {
      "version": "14.0.3",
      "resolved": "https://registry.npmjs.org/commander/-/commander-14.0.3.tgz",
      "integrity": "sha512-H+y0Jo/T1RZ9qPP4Eh1pkcQcLRglraJaSLoyOtHxu6AapkjWVCy2Sit1QQ4x3Dng8qDlSsZEet7g5Pq06MvTgw==",
      "license": "MIT",
      "engines": {
        "node": ">=20"
      }
    },
    "node_modules/fast-xml-builder": {
      "version": "1.1.4",
      "resolved": "https://registry.npmjs.org/fast-xml-builder/-/fast-xml-builder-1.1.4.tgz",
      "integrity": "sha512-f2jhpN4Eccy0/Uz9csxh3Nu6q4ErKxf0XIsasomfOihuSUa3/xw6w8dnOtCDgEItQFJG8KyXPzQXzcODDrrbOg==",
      "funding": [
        {
          "type": "github",
          "url": "https://github.com/sponsors/NaturalIntelligence"
        }
      ],
      "license": "MIT",
      "dependencies": {
        "path-expression-matcher": "^1.1.3"
      }
    },
    "node_modules/fast-xml-parser": {
      "version": "5.5.9",
      "resolved": "https://registry.npmjs.org/fast-xml-parser/-/fast-xml-parser-5.5.9.tgz",
      "integrity": "sha512-jldvxr1MC6rtiZKgrFnDSvT8xuH+eJqxqOBThUVjYrxssYTo1avZLGql5l0a0BAERR01CadYzZ83kVEkbyDg+g==",
      "funding": [
        {
          "type": "github",
          "url": "https://github.com/sponsors/NaturalIntelligence"
        }
      ],
      "license": "MIT",
      "dependencies": {
        "fast-xml-builder": "^1.1.4",
        "path-expression-matcher": "^1.2.0",
        "strnum": "^2.2.2"
      },
      "bin": {
        "fxparser": "src/cli/cli.js"
      }
    },
    "node_modules/path-expression-matcher": {
      "version": "1.2.0",
      "resolved": "https://registry.npmjs.org/path-expression-matcher/-/path-expression-matcher-1.2.0.tgz",
      "integrity": "sha512-DwmPWeFn+tq7TiyJ2CxezCAirXjFxvaiD03npak3cRjlP9+OjTmSy1EpIrEbh+l6JgUundniloMLDQ/6VTdhLQ==",
      "funding": [
        {
          "type": "github",
          "url": "https://github.com/sponsors/NaturalIntelligence"
        }
      ],
      "license": "MIT",
      "engines": {
        "node": ">=14.0.0"
      }
    },
    "node_modules/peggy": {
      "version": "5.1.0",
      "resolved": "https://registry.npmjs.org/peggy/-/peggy-5.1.0.tgz",
      "integrity": "sha512-IEo5aYRZ2kXH4Qby06cjtL114PZnwLoTiA41vUmg2vPZgANn+c87m5BUurhuDr5/cu758ZlpgsAfBVx+hhO5+w==",
      "license": "MIT",
      "dependencies": {
        "@peggyjs/from-mem": "3.1.3",
        "commander": "^14.0.3",
        "source-map-generator": "2.0.6"
      },
      "bin": {
        "peggy": "bin/peggy.js"
      },
      "engines": {
        "node": ">=20"
      }
    },
    "node_modules/semver": {
      "version": "7.7.4",
      "resolved": "https://registry.npmjs.org/semver/-/semver-7.7.4.tgz",
      "integrity": "sha512-vFKC2IEtQnVhpT78h1Yp8wzwrf8CM+MzKMHGJZfBtzhZNycRFnXsHk6E5TxIkkMsgNS7mdX3AGB7x2QM2di4lA==",
      "license": "ISC",
      "bin": {
        "semver": "bin/semver.js"
      },
      "engines": {
        "node": ">=10"
      }
    },
    "node_modules/source-map-generator": {
      "version": "2.0.6",
      "resolved": "https://registry.npmjs.org/source-map-generator/-/source-map-generator-2.0.6.tgz",
      "integrity": "sha512-IlassDs1Ve8nV6uyQZXF9kdkJpVKnMte2JZQXu13M0A5zwc+vu6+LNHfmxsHBMDtoZE21RHiKI0/xvpecZRCNg==",
      "license": "BSD-3-Clause",
      "engines": {
        "node": ">=20"
      }
    },
    "node_modules/strnum": {
      "version": "2.2.2",
      "resolved": "https://registry.npmjs.org/strnum/-/strnum-2.2.2.tgz",
      "integrity": "sha512-DnR90I+jtXNSTXWdwrEy9FakW7UX+qUZg28gj5fk2vxxl7uS/3bpI4fjFYVmdK9etptYBPNkpahuQnEwhwECqA==",
      "funding": [
        {
          "type": "github",
          "url": "https://github.com/sponsors/NaturalIntelligence"
        }
      ],
      "license": "MIT"
    }
  }
}
