{
  "name": "@unicode-org/keyboard-charts",
  "version": "1.0.0",
  "lockfileVersion": 3,
  "requires": true,
  "packages": {
    "": {
      "name": "@unicode-org/keyboard-charts",
      "version": "1.0.0",
      "hasInstallScript": true,
      "license": "Unicode-3.0",
      "dependencies": {
        "fast-xml-parser": "^5.3.8"
      }
    },
    "node_modules/fast-xml-parser": {
      "version": "5.3.8",
      "resolved": "https://registry.npmjs.org/fast-xml-parser/-/fast-xml-parser-5.3.8.tgz",
      "integrity": "sha512-53jIF4N6u/pxvaL1eb/hEZts/cFLWZ92eCfLrNyCI0k38lettCG/Bs40W9pPwoPXyHQlKu2OUbQtiEIZK/J6Vw==",
      "funding": [
        {
          "type": "github",
          "url": "https://github.com/sponsors/NaturalIntelligence"
        }
      ],
      "license": "MIT",
      "dependencies": {
        "strnum": "^2.1.2"
      },
      "bin": {
        "fxparser": "src/cli/cli.js"
      }
    },
    "node_modules/strnum": {
      "version": "2.1.2",
      "resolved": "https://registry.npmjs.org/strnum/-/strnum-2.1.2.tgz",
      "integrity": "sha512-l63NF9y/cLROq/yqKXSLtcMeeyOfnSQlfMSlzFt/K73oIaD8DGaQWd7Z34X9GPiKqP5rbSh84Hl4bOlLcjiSrQ==",
      "funding": [
        {
          "type": "github",
          "url": "https://github.com/sponsors/NaturalIntelligence"
        }
      ],
      "license": "MIT"
    }
  }
}
